
Microsoft Visual Studio Solution File, Format Version 12.00
# Visual Studio 15
VisualStudioVersion = 15.0.27004.2005
MinimumVisualStudioVersion = 10.0.40219.1
Project("{9A19103F-16F7-4668-BE54-9A1E7A4F7556}") = "NetRocket", "NetRocket\NetRocket.csproj", "{5E7298E2-8FC9-4436-A956-B2EAD6A5D9AE}"
EndProject
Project("{9A19103F-16F7-4668-BE54-9A1E7A4F7556}") = "NetRocket.Tests", "NetRocket.Tests\NetRocket.Tests.csproj", "{43BCFB13-BB9F-4368-A30B-BFEE4EBC1B3D}"
EndProject
Project("{FAE04EC0-301F-11D3-BF4B-00C04F79EFBC}") = "NetRocket.Demo", "NetRocket.Demo\NetRocket.Demo.csproj", "{7FE62403-6AF6-4B24-B46B-8D701E63EDD3}"
EndProject
Global
	GlobalSection(SolutionConfigurationPlatforms) = preSolution
		Debug|Any CPU = Debug|Any CPU
		Release|Any CPU = Release|Any CPU
	EndGlobalSection
	GlobalSection(ProjectConfigurationPlatforms) = postSolution
		{5E7298E2-8FC9-4436-A956-B2EAD6A5D9AE}.Debug|Any CPU.ActiveCfg = Debug|Any CPU
		{5E7298E2-8FC9-4436-A956-B2EAD6A5D9AE}.Debug|Any CPU.Build.0 = Debug|Any CPU
		{5E7298E2-8FC9-4436-A956-B2EAD6A5D9AE}.Release|Any CPU.ActiveCfg = Release|Any CPU
		{5E7298E2-8FC9-4436-A956-B2EAD6A5D9AE}.Release|Any CPU.Build.0 = Release|Any CPU
		{43BCFB13-BB9F-4368-A30B-BFEE4EBC1B3D}.Debug|Any CPU.ActiveCfg = Debug|Any CPU
		{43BCFB13-BB9F-4368-A30B-BFEE4EBC1B3D}.Debug|Any CPU.Build.0 = Debug|Any CPU
		{43BCFB13-BB9F-4368-A30B-BFEE4EBC1B3D}.Release|Any CPU.ActiveCfg = Release|Any CPU
		{43BCFB13-BB9F-4368-A30B-BFEE4EBC1B3D}.Release|Any CPU.Build.0 = Release|Any CPU
		{7FE62403-6AF6-4B24-B46B-8D701E63EDD3}.Debug|Any CPU.ActiveCfg = Debug|Any CPU
		{7FE62403-6AF6-4B24-B46B-8D701E63EDD3}.Debug|Any CPU.Build.0 = Debug|Any CPU
		{7FE62403-6AF6-4B24-B46B-8D701E63EDD3}.Release|Any CPU.ActiveCfg = Release|Any CPU
		{7FE62403-6AF6-4B24-B46B-8D701E63EDD3}.Release|Any CPU.Build.0 = Release|Any CPU
	EndGlobalSection
	GlobalSection(SolutionProperties) = preSolution
		HideSolutionNode = FALSE
	EndGlobalSection
	GlobalSection(ExtensibilityGlobals) = postSolution
		SolutionGuid = {17A044EA-3A3D-4924-9392-C0176FB96C87}
	EndGlobalSection
EndGlobal
